
Microsoft Visual Studio Solution File, Format Version 12.00
# Visual Studio Version 16
VisualStudioVersion = 16.0.31702.278
MinimumVisualStudioVersion = 10.0.40219.1
Project("{FAE04EC0-301F-11D3-BF4B-00C04F79EFBC}") = "HotelListing - ASP .NET", "HotelListing - ASP .NET\HotelListing - ASP .NET.csproj", "{6620EA44-D7EF-4286-A586-54B5F32A597A}"
EndProject
Global
	GlobalSection(SolutionConfigurationPlatforms) = preSolution
		Debug|Any CPU = Debug|Any CPU
		Release|Any CPU = Release|Any CPU
	EndGlobalSection
	GlobalSection(ProjectConfigurationPlatforms) = postSolution
		{6620EA44-D7EF-4286-A586-54B5F32A597A}.Debug|Any CPU.ActiveCfg = Debug|Any CPU
		{6620EA44-D7EF-4286-A586-54B5F32A597A}.Debug|Any CPU.Build.0 = Debug|Any CPU
		{6620EA44-D7EF-4286-A586-54B5F32A597A}.Release|Any CPU.ActiveCfg = Release|Any CPU
		{6620EA44-D7EF-4286-A586-54B5F32A597A}.Release|Any CPU.Build.0 = Release|Any CPU
	EndGlobalSection
	GlobalSection(SolutionProperties) = preSolution
		HideSolutionNode = FALSE
	EndGlobalSection
	GlobalSection(ExtensibilityGlobals) = postSolution
		SolutionGuid = {98D753B0-67A7-48E6-9F44-0E4373CCF535}
	EndGlobalSection
EndGlobal
